{
  "nodes": {
    "crane": {
      "inputs": {
        "nixpkgs": [
          "nixpkgs"
        ]
      },
      "locked": {
        "lastModified": 1709610799,
        "narHash": "sha256-5jfLQx0U9hXbi2skYMGodDJkIgffrjIOgMRjZqms2QE=",
        "owner": "ipetkov",
        "repo": "crane",
        "rev": "81c393c776d5379c030607866afef6406ca1be57",
        "type": "github"
      },
      "original": {
        "owner": "ipetkov",
        "repo": "crane",
        "type": "github"
      }
    },
    "fex": {
      "inputs": {
        "flake-utils": "flake-utils",
        "nixpkgs": [
          "nixpkgs"
        ]
      },
      "locked": {
        "lastModified": 1709805980,
        "narHash": "sha256-+SrfaDAmoOexzPwCRyZa8tNiPtCtXy3OopwgtwFzV+k=",
        "owner": "~nilium",
        "repo": "go-fex",
        "rev": "4a3c50816a8e1e4e1751f0743819b7693e39b6bf",
        "type": "sourcehut"
      },
      "original": {
        "owner": "~nilium",
        "repo": "go-fex",
        "type": "sourcehut"
      }
    },
    "flake-utils": {
      "inputs": {
        "systems": "systems"
      },
      "locked": {
        "lastModified": 1710146030,
        "narHash": "sha256-SZ5L6eA7HJ/nmkzGG7/ISclqe6oZdOZTNoesiInkXPQ=",
        "owner": "numtide",
        "repo": "flake-utils",
        "rev": "b1d9ab70662946ef0850d488da1c9019f3a9752a",
        "type": "github"
      },
      "original": {
        "owner": "numtide",
        "repo": "flake-utils",
        "type": "github"
      }
    },
    "flake-utils_2": {
      "inputs": {
        "systems": "systems_2"
      },
      "locked": {
        "lastModified": 1726560853,
        "narHash": "sha256-X6rJYSESBVr3hBoH0WbKE5KvhPU5bloyZ2L4K60/fPQ=",
        "owner": "numtide",
        "repo": "flake-utils",
        "rev": "c1dfcf08411b08f6b8615f7d8971a2bfa81d5e8a",
        "type": "github"
      },
      "original": {
        "owner": "numtide",
        "repo": "flake-utils",
        "type": "github"
      }
    },
    "flake-utils_3": {
      "locked": {
        "lastModified": 1659877975,
        "narHash": "sha256-zllb8aq3YO3h8B/U0/J1WBgAL8EX5yWf5pMj3G0NAmc=",
        "owner": "numtide",
        "repo": "flake-utils",
        "rev": "c0e246b9b83f637f4681389ecabcb2681b4f3af0",
        "type": "github"
      },
      "original": {
        "owner": "numtide",
        "repo": "flake-utils",
        "type": "github"
      }
    },
    "flake-utils_4": {
      "inputs": {
        "systems": "systems_3"
      },
      "locked": {
        "lastModified": 1710146030,
        "narHash": "sha256-SZ5L6eA7HJ/nmkzGG7/ISclqe6oZdOZTNoesiInkXPQ=",
        "owner": "numtide",
        "repo": "flake-utils",
        "rev": "b1d9ab70662946ef0850d488da1c9019f3a9752a",
        "type": "github"
      },
      "original": {
        "owner": "numtide",
        "repo": "flake-utils",
        "type": "github"
      }
    },
    "helix": {
      "inputs": {
        "crane": [
          "crane"
        ],
        "flake-utils": "flake-utils_2",
        "nixpkgs": [
          "nixpkgs"
        ],
        "rust-overlay": "rust-overlay"
      },
      "locked": {
        "lastModified": 1737319839,
        "narHash": "sha256-wGfX2YcD9Hyqi7sQ8FSqUbN8/Rhftp01YyHoTWYPL8U=",
        "owner": "helix-editor",
        "repo": "helix",
        "rev": "e7ac2fcdecfdbf43a4f772e7f7c163b43b3d0b9b",
        "type": "github"
      },
      "original": {
        "owner": "helix-editor",
        "ref": "25.01.1",
        "repo": "helix",
        "type": "github"
      }
    },
    "home-manager": {
      "inputs": {
        "nixpkgs": [
          "nixpkgs"
        ]
      },
      "locked": {
        "lastModified": 1738448366,
        "narHash": "sha256-4ATtQqBlgsGqkHTemta0ydY6f7JBRXz4Hf574NHQpkg=",
        "owner": "nix-community",
        "repo": "home-manager",
        "rev": "18fa9f323d8adbb0b7b8b98a8488db308210ed93",
        "type": "github"
      },
      "original": {
        "owner": "nix-community",
        "ref": "master",
        "repo": "home-manager",
        "type": "github"
      }
    },
    "nix-hardware": {
      "locked": {
        "lastModified": 1731403644,
        "narHash": "sha256-T9V7CTucjRZ4Qc6pUEV/kpgNGzQbHWfGcfK6JJLfUeI=",
        "owner": "nixos",
        "repo": "nixos-hardware",
        "rev": "f6581f1c3b137086e42a08a906bdada63045f991",
        "type": "github"
      },
      "original": {
        "owner": "nixos",
        "repo": "nixos-hardware",
        "type": "github"
      }
    },
    "nixgl": {
      "inputs": {
        "flake-utils": "flake-utils_3",
        "nixpkgs": [
          "nixpkgs"
        ]
      },
      "locked": {
        "lastModified": 1713543440,
        "narHash": "sha256-lnzZQYG0+EXl/6NkGpyIz+FEOc/DSEG57AP1VsdeNrM=",
        "owner": "nix-community",
        "repo": "nixGL",
        "rev": "310f8e49a149e4c9ea52f1adf70cdc768ec53f8a",
        "type": "github"
      },
      "original": {
        "owner": "nix-community",
        "ref": "main",
        "repo": "nixGL",
        "type": "github"
      }
    },
    "nixpkgs": {
      "locked": {
        "lastModified": 1738410390,
        "narHash": "sha256-xvTo0Aw0+veek7hvEVLzErmJyQkEcRk6PSR4zsRQFEc=",
        "owner": "nixos",
        "repo": "nixpkgs",
        "rev": "3a228057f5b619feb3186e986dbe76278d707b6e",
        "type": "github"
      },
      "original": {
        "owner": "nixos",
        "ref": "nixos-unstable",
        "repo": "nixpkgs",
        "type": "github"
      }
    },
    "ntk": {
      "inputs": {
        "nixpkgs": [
          "nixpkgs"
        ]
      },
      "locked": {
        "lastModified": 1711501543,
        "narHash": "sha256-irgQouGNMlXYUEDHy8P64Fn5bkGE0yjGAs2G341KUBM=",
        "owner": "nilium",
        "repo": "dot-nix",
        "rev": "8414d9aa700d64afd03b10e083f9f21f112d60f2",
        "type": "github"
      },
      "original": {
        "owner": "nilium",
        "ref": "lib",
        "repo": "dot-nix",
        "type": "github"
      }
    },
    "root": {
      "inputs": {
        "crane": "crane",
        "fex": "fex",
        "helix": "helix",
        "home-manager": "home-manager",
        "nix-hardware": "nix-hardware",
        "nixgl": "nixgl",
        "nixpkgs": "nixpkgs",
        "ntk": "ntk",
        "sql": "sql"
      }
    },
    "rust-overlay": {
      "inputs": {
        "nixpkgs": [
          "helix",
          "nixpkgs"
        ]
      },
      "locked": {
        "lastModified": 1728268235,
        "narHash": "sha256-lJMFnMO4maJuNO6PQ5fZesrTmglze3UFTTBuKGwR1Nw=",
        "owner": "oxalica",
        "repo": "rust-overlay",
        "rev": "25685cc2c7054efc31351c172ae77b21814f2d42",
        "type": "github"
      },
      "original": {
        "owner": "oxalica",
        "repo": "rust-overlay",
        "type": "github"
      }
    },
    "sql": {
      "inputs": {
        "flake-utils": "flake-utils_4",
        "nixpkgs": [
          "nixpkgs"
        ]
      },
      "locked": {
        "lastModified": 1709511644,
        "narHash": "sha256-vQLeYcGRhDxvp3BTbVp5+8yL2Xt86/buUSVAIMiiNuc=",
        "owner": "~nilium",
        "repo": "sql",
        "rev": "baaba815d23297a835db54f914086f24992a5567",
        "type": "sourcehut"
      },
      "original": {
        "owner": "~nilium",
        "repo": "sql",
        "type": "sourcehut"
      }
    },
    "systems": {
      "locked": {
        "lastModified": 1681028828,
        "narHash": "sha256-Vy1rq5AaRuLzOxct8nz4T6wlgyUR7zLU309k9mBC768=",
        "owner": "nix-systems",
        "repo": "default",
        "rev": "da67096a3b9bf56a91d16901293e51ba5b49a27e",
        "type": "github"
      },
      "original": {
        "owner": "nix-systems",
        "repo": "default",
        "type": "github"
      }
    },
    "systems_2": {
      "locked": {
        "lastModified": 1681028828,
        "narHash": "sha256-Vy1rq5AaRuLzOxct8nz4T6wlgyUR7zLU309k9mBC768=",
        "owner": "nix-systems",
        "repo": "default",
        "rev": "da67096a3b9bf56a91d16901293e51ba5b49a27e",
        "type": "github"
      },
      "original": {
        "owner": "nix-systems",
        "repo": "default",
        "type": "github"
      }
    },
    "systems_3": {
      "locked": {
        "lastModified": 1681028828,
        "narHash": "sha256-Vy1rq5AaRuLzOxct8nz4T6wlgyUR7zLU309k9mBC768=",
        "owner": "nix-systems",
        "repo": "default",
        "rev": "da67096a3b9bf56a91d16901293e51ba5b49a27e",
        "type": "github"
      },
      "original": {
        "owner": "nix-systems",
        "repo": "default",
        "type": "github"
      }
    }
  },
  "root": "root",
  "version": 7
}
